// !$*UTF8*$!
{
	archiveVersion = 1;
	classes = {
	};
	objectVersion = 50;
	objects = {

/* Begin PBXBuildFile section */
		B354B08C21546A2900F97287 /* AppDelegate.swift in Sources */ = {isa = PBXBuildFile; fileRef = B354B08B21546A2900F97287 /* AppDelegate.swift */; };
		B354B08E21546A2900F97287 /* ViewController.swift in Sources */ = {isa = PBXBuildFile; fileRef = B354B08D21546A2900F97287 /* ViewController.swift */; };
		B354B09121546A2900F97287 /* Main.storyboard in Resources */ = {isa = PBXBuildFile; fileRef = B354B08F21546A2900F97287 /* Main.storyboard */; };
		B354B09321546A3800F97287 /* Assets.xcassets in Resources */ = {isa = PBXBuildFile; fileRef = B354B09221546A3800F97287 /* Assets.xcassets */; };
		B354B09621546A3800F97287 /* LaunchScreen.storyboard in Resources */ = {isa = PBXBuildFile; fileRef = B354B09421546A3800F97287 /* LaunchScreen.storyboard */; };
		B354B09E21546FA600F97287 /* SimpleParallax.swift in Sources */ = {isa = PBXBuildFile; fileRef = B354B09D21546FA600F97287 /* SimpleParallax.swift */; };
/* End PBXBuildFile section */

/* Begin PBXFileReference section */
		B354B08821546A2900F97287 /* SimpleParallaxDemo.app */ = {isa = PBXFileReference; explicitFileType = wrapper.application; includeInIndex = 0; path = SimpleParallaxDemo.app; sourceTree = BUILT_PRODUCTS_DIR; };
		B354B08B21546A2900F97287 /* AppDelegate.swift */ = {isa = PBXFileReference; lastKnownFileType = sourcecode.swift; path = AppDelegate.swift; sourceTree = "<group>"; };
		B354B08D21546A2900F97287 /* ViewController.swift */ = {isa = PBXFileReference; lastKnownFileType = sourcecode.swift; path = ViewController.swift; sourceTree = "<group>"; };
		B354B09021546A2900F97287 /* Base */ = {isa = PBXFileReference; lastKnownFileType = file.storyboard; name = Base; path = Base.lproj/Main.storyboard; sourceTree = "<group>"; };
		B354B09221546A3800F97287 /* Assets.xcassets */ = {isa = PBXFileReference; lastKnownFileType = folder.assetcatalog; path = Assets.xcassets; sourceTree = "<group>"; };
		B354B09521546A3800F97287 /* Base */ = {isa = PBXFileReference; lastKnownFileType = file.storyboard; name = Base; path = Base.lproj/LaunchScreen.storyboard; sourceTree = "<group>"; };
		B354B09721546A3800F97287 /* Info.plist */ = {isa = PBXFileReference; lastKnownFileType = text.plist.xml; path = Info.plist; sourceTree = "<group>"; };
		B354B09D21546FA600F97287 /* SimpleParallax.swift */ = {isa = PBXFileReference; fileEncoding = 4; lastKnownFileType = sourcecode.swift; path = SimpleParallax.swift; sourceTree = "<group>"; };
/* End PBXFileReference section */

/* Begin PBXFrameworksBuildPhase section */
		B354B08521546A2900F97287 /* Frameworks */ = {
			isa = PBXFrameworksBuildPhase;
			buildActionMask = 2147483647;
			files = (
			);
			runOnlyForDeploymentPostprocessing = 0;
		};
/* End PBXFrameworksBuildPhase section */

/* Begin PBXGroup section */
		B354B07F21546A2900F97287 = {
			isa = PBXGroup;
			children = (
				B354B08A21546A2900F97287 /* SimpleParallaxDemo */,
				B354B08921546A2900F97287 /* Products */,
			);
			sourceTree = "<group>";
		};
		B354B08921546A2900F97287 /* Products */ = {
			isa = PBXGroup;
			children = (
				B354B08821546A2900F97287 /* SimpleParallaxDemo.app */,
			);
			name = Products;
			sourceTree = "<group>";
		};
		B354B08A21546A2900F97287 /* SimpleParallaxDemo */ = {
			isa = PBXGroup;
			children = (
				B354B08B21546A2900F97287 /* AppDelegate.swift */,
				B354B08D21546A2900F97287 /* ViewController.swift */,
				B354B08F21546A2900F97287 /* Main.storyboard */,
				B354B09221546A3800F97287 /* Assets.xcassets */,
				B354B09D21546FA600F97287 /* SimpleParallax.swift */,
				B354B09421546A3800F97287 /* LaunchScreen.storyboard */,
				B354B09721546A3800F97287 /* Info.plist */,
			);
			path = SimpleParallaxDemo;
			sourceTree = "<group>";
		};
/* End PBXGroup section */

/* Begin PBXNativeTarget section */
		B354B08721546A2900F97287 /* SimpleParallaxDemo */ = {
			isa = PBXNativeTarget;
			buildConfigurationList = B354B09A21546A3800F97287 /* Build configuration list for PBXNativeTarget "SimpleParallaxDemo" */;
			buildPhases = (
				B354B08421546A2900F97287 /* Sources */,
				B354B08521546A2900F97287 /* Frameworks */,
				B354B08621546A2900F97287 /* Resources */,
			);
			buildRules = (
			);
			dependencies = (
			);
			name = SimpleParallaxDemo;
			productName = SimpleParallaxDemo;
			productReference = B354B08821546A2900F97287 /* SimpleParallaxDemo.app */;
			productType = "com.apple.product-type.application";
		};
/* End PBXNativeTarget section */

/* Begin PBXProject section */
		B354B08021546A2900F97287 /* Project object */ = {
			isa = PBXProject;
			attributes = {
				LastSwiftUpdateCheck = 1000;
				LastUpgradeCheck = 1000;
				ORGANIZATIONNAME = com.joolean.SimpleParallaxDemo;
				TargetAttributes = {
					B354B08721546A2900F97287 = {
						CreatedOnToolsVersion = 10.0;
					};
				};
			};
			buildConfigurationList = B354B08321546A2900F97287 /* Build configuration list for PBXProject "SimpleParallaxDemo" */;
			compatibilityVersion = "Xcode 9.3";
			developmentRegion = en;
			hasScannedForEncodings = 0;
			knownRegions = (
				en,
				Base,
			);
			mainGroup = B354B07F21546A2900F97287;
			productRefGroup = B354B08921546A2900F97287 /* Products */;
			projectDirPath = "";
			projectRoot = "";
			targets = (
				B354B08721546A2900F97287 /* SimpleParallaxDemo */,
			);
		};
/* End PBXProject section */

/* Begin PBXResourcesBuildPhase section */
		B354B08621546A2900F97287 /* Resources */ = {
			isa = PBXResourcesBuildPhase;
			buildActionMask = 2147483647;
			files = (
				B354B09621546A3800F97287 /* LaunchScreen.storyboard in Resources */,
				B354B09321546A3800F97287 /* Assets.xcassets in Resources */,
				B354B09121546A2900F97287 /* Main.storyboard in Resources */,
			);
			runOnlyForDeploymentPostprocessing = 0;
		};
/* End PBXResourcesBuildPhase section */

/* Begin PBXSourcesBuildPhase section */
		B354B08421546A2900F97287 /* Sources */ = {
			isa = PBXSourcesBuildPhase;
			buildActionMask = 2147483647;
			files = (
				B354B08E21546A2900F97287 /* ViewController.swift in Sources */,
				B354B09E21546FA600F97287 /* SimpleParallax.swift in Sources */,
				B354B08C21546A2900F97287 /* AppDelegate.swift in Sources */,
			);
			runOnlyForDeploymentPostprocessing = 0;
		};
/* End PBXSourcesBuildPhase section */

/* Begin PBXVariantGroup section */
		B354B08F21546A2900F97287 /* Main.storyboard */ = {
			isa = PBXVariantGroup;
			children = (
				B354B09021546A2900F97287 /* Base */,
			);
			name = Main.storyboard;
			sourceTree = "<group>";
		};
		B354B09421546A3800F97287 /* LaunchScreen.storyboard */ = {
			isa = PBXVariantGroup;
			children = (
				B354B09521546A3800F97287 /* Base */,
			);
			name = LaunchScreen.storyboard;
			sourceTree = "<group>";
		};
/* End PBXVariantGroup section */

/* Begin XCBuildConfiguration section */
		B354B09821546A3800F97287 /* Debug */ = {
			isa = XCBuildConfiguration;
			buildSettings = {
				ALWAYS_SEARCH_USER_PATHS = NO;
				CLANG_ANALYZER_NONNULL = YES;
				CLANG_ANALYZER_NUMBER_OBJECT_CONVERSION = YES_AGGRESSIVE;
				CLANG_CXX_LANGUAGE_STANDARD = "gnu++14";
				CLANG_CXX_LIBRARY = "libc++";
				CLANG_ENABLE_MODULES = YES;
				CLANG_ENABLE_OBJC_ARC = YES;
				CLANG_ENABLE_OBJC_WEAK = YES;
				CLANG_WARN_BLOCK_CAPTURE_AUTORELEASING = YES;
				CLANG_WARN_BOOL_CONVERSION = YES;
				CLANG_WARN_COMMA = YES;
				CLANG_WARN_CONSTANT_CONVERSION = YES;
				CLANG_WARN_DEPRECATED_OBJC_IMPLEMENTATIONS = YES;
				CLANG_WARN_DIRECT_OBJC_ISA_USAGE = YES_ERROR;
				CLANG_WARN_DOCUMENTATION_COMMENTS = YES;
				CLANG_WARN_EMPTY_BODY = YES;
				CLANG_WARN_ENUM_CONVERSION = YES;
				CLANG_WARN_INFINITE_RECURSION = YES;
				CLANG_WARN_INT_CONVERSION = YES;
				CLANG_WARN_NON_LITERAL_NULL_CONVERSION = YES;
				CLANG_WARN_OBJC_IMPLICIT_RETAIN_SELF = YES;
				CLANG_WARN_OBJC_LITERAL_CONVERSION = YES;
				CLANG_WARN_OBJC_ROOT_CLASS = YES_ERROR;
				CLANG_WARN_RANGE_LOOP_ANALYSIS = YES;
				CLANG_WARN_STRICT_PROTOTYPES = YES;
				CLANG_WARN_SUSPICIOUS_MOVE = YES;
				CLANG_WARN_UNGUARDED_AVAILABILITY = YES_AGGRESSIVE;
				CLANG_WARN_UNREACHABLE_CODE = YES;
				CLANG_WARN__DUPLICATE_METHOD_MATCH = YES;
				CODE_SIGN_IDENTITY = "iPhone Developer";
				COPY_PHASE_STRIP = NO;
				DEBUG_INFORMATION_FORMAT = dwarf;
				ENABLE_STRICT_OBJC_MSGSEND = YES;
				ENABLE_TESTABILITY = YES;
				GCC_C_LANGUAGE_STANDARD = gnu11;
				GCC_DYNAMIC_NO_PIC = NO;
				GCC_NO_COMMON_BLOCKS = YES;
				GCC_OPTIMIZATION_LEVEL = 0;
				GCC_PREPROCESSOR_DEFINITIONS = (
					"DEBUG=1",
					"$(inherited)",
				);
				GCC_WARN_64_TO_32_BIT_CONVERSION = YES;
				GCC_WARN_ABOUT_RETURN_TYPE = YES_ERROR;
				GCC_WARN_UNDECLARED_SELECTOR = YES;
				GCC_WARN_UNINITIALIZED_AUTOS = YES_AGGRESSIVE;
				GCC_WARN_UNUSED_FUNCTION = YES;
				GCC_WARN_UNUSED_VARIABLE = YES;
				IPHONEOS_DEPLOYMENT_TARGET = 12.0;
				MTL_ENABLE_DEBUG_INFO = INCLUDE_SOURCE;
				ONLY_ACTIVE_ARCH = YES;
				SDKROOT = iphoneos;
				SWIFT_ACTIVE_COMPILATION_CONDITIONS = DEBUG;
				SWIFT_OPTIMIZATION_LEVEL = "-Onone";
			};
			name = Debug;
		};
		B354B09921546A3800F97287 /* Release */ = {
			isa = XCBuildConfiguration;
			buildSettings = {
				ALWAYS_SEARCH_USER_PATHS = NO;
				CLANG_ANALYZER_NONNULL = YES;
				CLANG_ANALYZER_NUMBER_OBJECT_CONVERSION = YES_AGGRESSIVE;
				CLANG_CXX_LANGUAGE_STANDARD = "gnu++14";
				CLANG_CXX_LIBRARY = "libc++";
				CLANG_ENABLE_MODULES = YES;
				CLANG_ENABLE_OBJC_ARC = YES;
				CLANG_ENABLE_OBJC_WEAK = YES;
				CLANG_WARN_BLOCK_CAPTURE_AUTORELEASING = YES;
				CLANG_WARN_BOOL_CONVERSION = YES;
				CLANG_WARN_COMMA = YES;
				CLANG_WARN_CONSTANT_CONVERSION = YES;
				CLANG_WARN_DEPRECATED_OBJC_IMPLEMENTATIONS = YES;
				CLANG_WARN_DIRECT_OBJC_ISA_USAGE = YES_ERROR;
				CLANG_WARN_DOCUMENTATION_COMMENTS = YES;
				CLANG_WARN_EMPTY_BODY = YES;
				CLANG_WARN_ENUM_CONVERSION = YES;
				CLANG_WARN_INFINITE_RECURSION = YES;
				CLANG_WARN_INT_CONVERSION = YES;
				CLANG_WARN_NON_LITERAL_NULL_CONVERSION = YES;
				CLANG_WARN_OBJC_IMPLICIT_RETAIN_SELF = YES;
				CLANG_WARN_OBJC_LITERAL_CONVERSION = YES;
				CLANG_WARN_OBJC_ROOT_CLASS = YES_ERROR;
				CLANG_WARN_RANGE_LOOP_ANALYSIS = YES;
				CLANG_WARN_STRICT_PROTOTYPES = YES;
				CLANG_WARN_SUSPICIOUS_MOVE = YES;
				CLANG_WARN_UNGUARDED_AVAILABILITY = YES_AGGRESSIVE;
				CLANG_WARN_UNREACHABLE_CODE = YES;
				CLANG_WARN__DUPLICATE_METHOD_MATCH = YES;
				CODE_SIGN_IDENTITY = "iPhone Developer";
				COPY_PHASE_STRIP = NO;
				DEBUG_INFORMATION_FORMAT = "dwarf-with-dsym";
				ENABLE_NS_ASSERTIONS = NO;
				ENABLE_STRICT_OBJC_MSGSEND = YES;
				GCC_C_LANGUAGE_STANDARD = gnu11;
				GCC_NO_COMMON_BLOCKS = YES;
				GCC_WARN_64_TO_32_BIT_CONVERSION = YES;
				GCC_WARN_ABOUT_RETURN_TYPE = YES_ERROR;
				GCC_WARN_UNDECLARED_SELECTOR = YES;
				GCC_WARN_UNINITIALIZED_AUTOS = YES_AGGRESSIVE;
				GCC_WARN_UNUSED_FUNCTION = YES;
				GCC_WARN_UNUSED_VARIABLE = YES;
				IPHONEOS_DEPLOYMENT_TARGET = 12.0;
				MTL_ENABLE_DEBUG_INFO = NO;
				SDKROOT = iphoneos;
				SWIFT_COMPILATION_MODE = wholemodule;
				SWIFT_OPTIMIZATION_LEVEL = "-O";
				VALIDATE_PRODUCT = YES;
			};
			name = Release;
		};
		B354B09B21546A3800F97287 /* Debug */ = {
			isa = XCBuildConfiguration;
			buildSettings = {
				ASSETCATALOG_COMPILER_APPICON_NAME = AppIcon;
				CODE_SIGN_STYLE = Automatic;
				DEVELOPMENT_TEAM = 4D92J46PPW;
				INFOPLIST_FILE = SimpleParallaxDemo/Info.plist;
				IPHONEOS_DEPLOYMENT_TARGET = 11.1;
				LD_RUNPATH_SEARCH_PATHS = (
					"$(inherited)",
					"@executable_path/Frameworks",
				);
				PRODUCT_BUNDLE_IDENTIFIER = com.joolean.SimpleParallaxDemo.SimpleParallaxDemo;
				PRODUCT_NAME = "$(TARGET_NAME)";
				SWIFT_VERSION = 4.2;
				TARGETED_DEVICE_FAMILY = 1;
			};
			name = Debug;
		};
		B354B09C21546A3800F97287 /* Release */ = {
			isa = XCBuildConfiguration;
			buildSettings = {
				ASSETCATALOG_COMPILER_APPICON_NAME = AppIcon;
				CODE_SIGN_STYLE = Automatic;
				DEVELOPMENT_TEAM = 4D92J46PPW;
				INFOPLIST_FILE = SimpleParallaxDemo/Info.plist;
				IPHONEOS_DEPLOYMENT_TARGET = 11.1;
				LD_RUNPATH_SEARCH_PATHS = (
					"$(inherited)",
					"@executable_path/Frameworks",
				);
				PRODUCT_BUNDLE_IDENTIFIER = com.joolean.SimpleParallaxDemo.SimpleParallaxDemo;
				PRODUCT_NAME = "$(TARGET_NAME)";
				SWIFT_VERSION = 4.2;
				TARGETED_DEVICE_FAMILY = 1;
			};
			name = Release;
		};
/* End XCBuildConfiguration section */

/* Begin XCConfigurationList section */
		B354B08321546A2900F97287 /* Build configuration list for PBXProject "SimpleParallaxDemo" */ = {
			isa = XCConfigurationList;
			buildConfigurations = (
				B354B09821546A3800F97287 /* Debug */,
				B354B09921546A3800F97287 /* Release */,
			);
			defaultConfigurationIsVisible = 0;
			defaultConfigurationName = Release;
		};
		B354B09A21546A3800F97287 /* Build configuration list for PBXNativeTarget "SimpleParallaxDemo" */ = {
			isa = XCConfigurationList;
			buildConfigurations = (
				B354B09B21546A3800F97287 /* Debug */,
				B354B09C21546A3800F97287 /* Release */,
			);
			defaultConfigurationIsVisible = 0;
			defaultConfigurationName = Release;
		};
/* End XCConfigurationList section */
	};
	rootObject = B354B08021546A2900F97287 /* Project object */;
}
